// !$*UTF8*$!
{
	archiveVersion = 1;
	classes = {
	};
	objectVersion = 46;
	objects = {

/* Begin PBXBuildFile section */
		8B0836CB1C97803300D36740 /* AppDelegate.swift in Sources */ = {isa = PBXBuildFile; fileRef = 8B0836CA1C97803300D36740 /* AppDelegate.swift */; };
		8B0836CD1C97803300D36740 /* ViewController.swift in Sources */ = {isa = PBXBuildFile; fileRef = 8B0836CC1C97803300D36740 /* ViewController.swift */; };
		8B0836D01C97803300D36740 /* Main.storyboard in Resources */ = {isa = PBXBuildFile; fileRef = 8B0836CE1C97803300D36740 /* Main.storyboard */; };
		8B0836D21C97803300D36740 /* Assets.xcassets in Resources */ = {isa = PBXBuildFile; fileRef = 8B0836D11C97803300D36740 /* Assets.xcassets */; };
		8B0836D51C97803300D36740 /* LaunchScreen.storyboard in Resources */ = {isa = PBXBuildFile; fileRef = 8B0836D31C97803300D36740 /* LaunchScreen.storyboard */; };
		8B0836DD1C9783B000D36740 /* pokemon.csv in Resources */ = {isa = PBXBuildFile; fileRef = 8B0836DC1C9783B000D36740 /* pokemon.csv */; };
		8B0836E01C97851300D36740 /* Pokemon.swift in Sources */ = {isa = PBXBuildFile; fileRef = 8B0836DF1C97851300D36740 /* Pokemon.swift */; };
		8B0836E31C98149000D36740 /* PokeCell.swift in Sources */ = {isa = PBXBuildFile; fileRef = 8B0836E21C98149000D36740 /* PokeCell.swift */; };
		8B0836E51C982B2300D36740 /* csv.swift in Sources */ = {isa = PBXBuildFile; fileRef = 8B0836E41C982B2300D36740 /* csv.swift */; };
		8B0836EA1C982FDE00D36740 /* Pokemon Solid.ttf in Resources */ = {isa = PBXBuildFile; fileRef = 8B0836E91C982FDE00D36740 /* Pokemon Solid.ttf */; };
		8B0836EC1C983E5B00D36740 /* music.mp3 in Resources */ = {isa = PBXBuildFile; fileRef = 8B0836EB1C983E5B00D36740 /* music.mp3 */; };
/* End PBXBuildFile section */

/* Begin PBXFileReference section */
		8B0836C71C97803300D36740 /* Pokedex.app */ = {isa = PBXFileReference; explicitFileType = wrapper.application; includeInIndex = 0; path = Pokedex.app; sourceTree = BUILT_PRODUCTS_DIR; };
		8B0836CA1C97803300D36740 /* AppDelegate.swift */ = {isa = PBXFileReference; lastKnownFileType = sourcecode.swift; path = AppDelegate.swift; sourceTree = "<group>"; };
		8B0836CC1C97803300D36740 /* ViewController.swift */ = {isa = PBXFileReference; lastKnownFileType = sourcecode.swift; path = ViewController.swift; sourceTree = "<group>"; };
		8B0836CF1C97803300D36740 /* Base */ = {isa = PBXFileReference; lastKnownFileType = file.storyboard; name = Base; path = Base.lproj/Main.storyboard; sourceTree = "<group>"; };
		8B0836D11C97803300D36740 /* Assets.xcassets */ = {isa = PBXFileReference; lastKnownFileType = folder.assetcatalog; path = Assets.xcassets; sourceTree = "<group>"; };
		8B0836D41C97803300D36740 /* Base */ = {isa = PBXFileReference; lastKnownFileType = file.storyboard; name = Base; path = Base.lproj/LaunchScreen.storyboard; sourceTree = "<group>"; };
		8B0836D61C97803300D36740 /* Info.plist */ = {isa = PBXFileReference; lastKnownFileType = text.plist.xml; path = Info.plist; sourceTree = "<group>"; };
		8B0836DC1C9783B000D36740 /* pokemon.csv */ = {isa = PBXFileReference; fileEncoding = 4; lastKnownFileType = text; path = pokemon.csv; sourceTree = "<group>"; };
		8B0836DF1C97851300D36740 /* Pokemon.swift */ = {isa = PBXFileReference; fileEncoding = 4; lastKnownFileType = sourcecode.swift; path = Pokemon.swift; sourceTree = "<group>"; };
		8B0836E21C98149000D36740 /* PokeCell.swift */ = {isa = PBXFileReference; fileEncoding = 4; lastKnownFileType = sourcecode.swift; path = PokeCell.swift; sourceTree = "<group>"; };
		8B0836E41C982B2300D36740 /* csv.swift */ = {isa = PBXFileReference; fileEncoding = 4; lastKnownFileType = sourcecode.swift; path = csv.swift; sourceTree = "<group>"; };
		8B0836E91C982FDE00D36740 /* Pokemon Solid.ttf */ = {isa = PBXFileReference; lastKnownFileType = file; path = "Pokemon Solid.ttf"; sourceTree = "<group>"; };
		8B0836EB1C983E5B00D36740 /* music.mp3 */ = {isa = PBXFileReference; lastKnownFileType = audio.mp3; path = music.mp3; sourceTree = "<group>"; };
/* End PBXFileReference section */

/* Begin PBXFrameworksBuildPhase section */
		8B0836C41C97803300D36740 /* Frameworks */ = {
			isa = PBXFrameworksBuildPhase;
			buildActionMask = 2147483647;
			files = (
			);
			runOnlyForDeploymentPostprocessing = 0;
		};
/* End PBXFrameworksBuildPhase section */

/* Begin PBXGroup section */
		8B0836BE1C97803300D36740 = {
			isa = PBXGroup;
			children = (
				8B0836C91C97803300D36740 /* Pokedex */,
				8B0836C81C97803300D36740 /* Products */,
			);
			sourceTree = "<group>";
		};
		8B0836C81C97803300D36740 /* Products */ = {
			isa = PBXGroup;
			children = (
				8B0836C71C97803300D36740 /* Pokedex.app */,
			);
			name = Products;
			sourceTree = "<group>";
		};
		8B0836C91C97803300D36740 /* Pokedex */ = {
			isa = PBXGroup;
			children = (
				8B0836DE1C9784F900D36740 /* Model */,
				8B0836E11C98145A00D36740 /* View */,
				8B0836E71C982B4200D36740 /* Controller */,
				8B0836E61C982B2E00D36740 /* Util */,
				8B0836E81C982B5700D36740 /* Resources */,
				8B0836CA1C97803300D36740 /* AppDelegate.swift */,
				8B0836CE1C97803300D36740 /* Main.storyboard */,
				8B0836D11C97803300D36740 /* Assets.xcassets */,
				8B0836D31C97803300D36740 /* LaunchScreen.storyboard */,
				8B0836D61C97803300D36740 /* Info.plist */,
			);
			path = Pokedex;
			sourceTree = "<group>";
		};
		8B0836DE1C9784F900D36740 /* Model */ = {
			isa = PBXGroup;
			children = (
				8B0836DF1C97851300D36740 /* Pokemon.swift */,
			);
			name = Model;
			sourceTree = "<group>";
		};
		8B0836E11C98145A00D36740 /* View */ = {
			isa = PBXGroup;
			children = (
				8B0836E21C98149000D36740 /* PokeCell.swift */,
			);
			name = View;
			sourceTree = "<group>";
		};
		8B0836E61C982B2E00D36740 /* Util */ = {
			isa = PBXGroup;
			children = (
				8B0836E41C982B2300D36740 /* csv.swift */,
			);
			name = Util;
			sourceTree = "<group>";
		};
		8B0836E71C982B4200D36740 /* Controller */ = {
			isa = PBXGroup;
			children = (
				8B0836CC1C97803300D36740 /* ViewController.swift */,
			);
			name = Controller;
			sourceTree = "<group>";
		};
		8B0836E81C982B5700D36740 /* Resources */ = {
			isa = PBXGroup;
			children = (
				8B0836EB1C983E5B00D36740 /* music.mp3 */,
				8B0836E91C982FDE00D36740 /* Pokemon Solid.ttf */,
				8B0836DC1C9783B000D36740 /* pokemon.csv */,
			);
			name = Resources;
			sourceTree = "<group>";
		};
/* End PBXGroup section */

/* Begin PBXNativeTarget section */
		8B0836C61C97803300D36740 /* Pokedex */ = {
			isa = PBXNativeTarget;
			buildConfigurationList = 8B0836D91C97803300D36740 /* Build configuration list for PBXNativeTarget "Pokedex" */;
			buildPhases = (
				8B0836C31C97803300D36740 /* Sources */,
				8B0836C41C97803300D36740 /* Frameworks */,
				8B0836C51C97803300D36740 /* Resources */,
			);
			buildRules = (
			);
			dependencies = (
			);
			name = Pokedex;
			productName = Pokedex;
			productReference = 8B0836C71C97803300D36740 /* Pokedex.app */;
			productType = "com.apple.product-type.application";
		};
/* End PBXNativeTarget section */

/* Begin PBXProject section */
		8B0836BF1C97803300D36740 /* Project object */ = {
			isa = PBXProject;
			attributes = {
				LastSwiftUpdateCheck = 0720;
				LastUpgradeCheck = 0720;
				ORGANIZATIONNAME = Touchcoding;
				TargetAttributes = {
					8B0836C61C97803300D36740 = {
						CreatedOnToolsVersion = 7.2.1;
						DevelopmentTeam = JG7683T87F;
					};
				};
			};
			buildConfigurationList = 8B0836C21C97803300D36740 /* Build configuration list for PBXProject "Pokedex" */;
			compatibilityVersion = "Xcode 3.2";
			developmentRegion = English;
			hasScannedForEncodings = 0;
			knownRegions = (
				en,
				Base,
			);
			mainGroup = 8B0836BE1C97803300D36740;
			productRefGroup = 8B0836C81C97803300D36740 /* Products */;
			projectDirPath = "";
			projectRoot = "";
			targets = (
				8B0836C61C97803300D36740 /* Pokedex */,
			);
		};
/* End PBXProject section */

/* Begin PBXResourcesBuildPhase section */
		8B0836C51C97803300D36740 /* Resources */ = {
			isa = PBXResourcesBuildPhase;
			buildActionMask = 2147483647;
			files = (
				8B0836EA1C982FDE00D36740 /* Pokemon Solid.ttf in Resources */,
				8B0836D51C97803300D36740 /* LaunchScreen.storyboard in Resources */,
				8B0836EC1C983E5B00D36740 /* music.mp3 in Resources */,
				8B0836D21C97803300D36740 /* Assets.xcassets in Resources */,
				8B0836DD1C9783B000D36740 /* pokemon.csv in Resources */,
				8B0836D01C97803300D36740 /* Main.storyboard in Resources */,
			);
			runOnlyForDeploymentPostprocessing = 0;
		};
/* End PBXResourcesBuildPhase section */

/* Begin PBXSourcesBuildPhase section */
		8B0836C31C97803300D36740 /* Sources */ = {
			isa = PBXSourcesBuildPhase;
			buildActionMask = 2147483647;
			files = (
				8B0836E31C98149000D36740 /* PokeCell.swift in Sources */,
				8B0836CD1C97803300D36740 /* ViewController.swift in Sources */,
				8B0836CB1C97803300D36740 /* AppDelegate.swift in Sources */,
				8B0836E01C97851300D36740 /* Pokemon.swift in Sources */,
				8B0836E51C982B2300D36740 /* csv.swift in Sources */,
			);
			runOnlyForDeploymentPostprocessing = 0;
		};
/* End PBXSourcesBuildPhase section */

/* Begin PBXVariantGroup section */
		8B0836CE1C97803300D36740 /* Main.storyboard */ = {
			isa = PBXVariantGroup;
			children = (
				8B0836CF1C97803300D36740 /* Base */,
			);
			name = Main.storyboard;
			sourceTree = "<group>";
		};
		8B0836D31C97803300D36740 /* LaunchScreen.storyboard */ = {
			isa = PBXVariantGroup;
			children = (
				8B0836D41C97803300D36740 /* Base */,
			);
			name = LaunchScreen.storyboard;
			sourceTree = "<group>";
		};
/* End PBXVariantGroup section */

/* Begin XCBuildConfiguration section */
		8B0836D71C97803300D36740 /* Debug */ = {
			isa = XCBuildConfiguration;
			buildSettings = {
				ALWAYS_SEARCH_USER_PATHS = NO;
				CLANG_CXX_LANGUAGE_STANDARD = "gnu++0x";
				CLANG_CXX_LIBRARY = "libc++";
				CLANG_ENABLE_MODULES = YES;
				CLANG_ENABLE_OBJC_ARC = YES;
				CLANG_WARN_BOOL_CONVERSION = YES;
				CLANG_WARN_CONSTANT_CONVERSION = YES;
				CLANG_WARN_DIRECT_OBJC_ISA_USAGE = YES_ERROR;
				CLANG_WARN_EMPTY_BODY = YES;
				CLANG_WARN_ENUM_CONVERSION = YES;
				CLANG_WARN_INT_CONVERSION = YES;
				CLANG_WARN_OBJC_ROOT_CLASS = YES_ERROR;
				CLANG_WARN_UNREACHABLE_CODE = YES;
				CLANG_WARN__DUPLICATE_METHOD_MATCH = YES;
				"CODE_SIGN_IDENTITY[sdk=iphoneos*]" = "iPhone Developer";
				COPY_PHASE_STRIP = NO;
				DEBUG_INFORMATION_FORMAT = dwarf;
				ENABLE_STRICT_OBJC_MSGSEND = YES;
				ENABLE_TESTABILITY = YES;
				GCC_C_LANGUAGE_STANDARD = gnu99;
				GCC_DYNAMIC_NO_PIC = NO;
				GCC_NO_COMMON_BLOCKS = YES;
				GCC_OPTIMIZATION_LEVEL = 0;
				GCC_PREPROCESSOR_DEFINITIONS = (
					"DEBUG=1",
					"$(inherited)",
				);
				GCC_WARN_64_TO_32_BIT_CONVERSION = YES;
				GCC_WARN_ABOUT_RETURN_TYPE = YES_ERROR;
				GCC_WARN_UNDECLARED_SELECTOR = YES;
				GCC_WARN_UNINITIALIZED_AUTOS = YES_AGGRESSIVE;
				GCC_WARN_UNUSED_FUNCTION = YES;
				GCC_WARN_UNUSED_VARIABLE = YES;
				IPHONEOS_DEPLOYMENT_TARGET = 9.2;
				MTL_ENABLE_DEBUG_INFO = YES;
				ONLY_ACTIVE_ARCH = YES;
				SDKROOT = iphoneos;
				SWIFT_OPTIMIZATION_LEVEL = "-Onone";
				TARGETED_DEVICE_FAMILY = "1,2";
			};
			name = Debug;
		};
		8B0836D81C97803300D36740 /* Release */ = {
			isa = XCBuildConfiguration;
			buildSettings = {
				ALWAYS_SEARCH_USER_PATHS = NO;
				CLANG_CXX_LANGUAGE_STANDARD = "gnu++0x";
				CLANG_CXX_LIBRARY = "libc++";
				CLANG_ENABLE_MODULES = YES;
				CLANG_ENABLE_OBJC_ARC = YES;
				CLANG_WARN_BOOL_CONVERSION = YES;
				CLANG_WARN_CONSTANT_CONVERSION = YES;
				CLANG_WARN_DIRECT_OBJC_ISA_USAGE = YES_ERROR;
				CLANG_WARN_EMPTY_BODY = YES;
				CLANG_WARN_ENUM_CONVERSION = YES;
				CLANG_WARN_INT_CONVERSION = YES;
				CLANG_WARN_OBJC_ROOT_CLASS = YES_ERROR;
				CLANG_WARN_UNREACHABLE_CODE = YES;
				CLANG_WARN__DUPLICATE_METHOD_MATCH = YES;
				"CODE_SIGN_IDENTITY[sdk=iphoneos*]" = "iPhone Developer";
				COPY_PHASE_STRIP = NO;
				DEBUG_INFORMATION_FORMAT = "dwarf-with-dsym";
				ENABLE_NS_ASSERTIONS = NO;
				ENABLE_STRICT_OBJC_MSGSEND = YES;
				GCC_C_LANGUAGE_STANDARD = gnu99;
				GCC_NO_COMMON_BLOCKS = YES;
				GCC_WARN_64_TO_32_BIT_CONVERSION = YES;
				GCC_WARN_ABOUT_RETURN_TYPE = YES_ERROR;
				GCC_WARN_UNDECLARED_SELECTOR = YES;
				GCC_WARN_UNINITIALIZED_AUTOS = YES_AGGRESSIVE;
				GCC_WARN_UNUSED_FUNCTION = YES;
				GCC_WARN_UNUSED_VARIABLE = YES;
				IPHONEOS_DEPLOYMENT_TARGET = 9.2;
				MTL_ENABLE_DEBUG_INFO = NO;
				SDKROOT = iphoneos;
				TARGETED_DEVICE_FAMILY = "1,2";
				VALIDATE_PRODUCT = YES;
			};
			name = Release;
		};
		8B0836DA1C97803300D36740 /* Debug */ = {
			isa = XCBuildConfiguration;
			buildSettings = {
				ASSETCATALOG_COMPILER_APPICON_NAME = AppIcon;
				INFOPLIST_FILE = Pokedex/Info.plist;
				LD_RUNPATH_SEARCH_PATHS = "$(inherited) @executable_path/Frameworks";
				PRODUCT_BUNDLE_IDENTIFIER = com.touchcoding.Pokedex;
				PRODUCT_NAME = "$(TARGET_NAME)";
			};
			name = Debug;
		};
		8B0836DB1C97803300D36740 /* Release */ = {
			isa = XCBuildConfiguration;
			buildSettings = {
				ASSETCATALOG_COMPILER_APPICON_NAME = AppIcon;
				INFOPLIST_FILE = Pokedex/Info.plist;
				LD_RUNPATH_SEARCH_PATHS = "$(inherited) @executable_path/Frameworks";
				PRODUCT_BUNDLE_IDENTIFIER = com.touchcoding.Pokedex;
				PRODUCT_NAME = "$(TARGET_NAME)";
			};
			name = Release;
		};
/* End XCBuildConfiguration section */

/* Begin XCConfigurationList section */
		8B0836C21C97803300D36740 /* Build configuration list for PBXProject "Pokedex" */ = {
			isa = XCConfigurationList;
			buildConfigurations = (
				8B0836D71C97803300D36740 /* Debug */,
				8B0836D81C97803300D36740 /* Release */,
			);
			defaultConfigurationIsVisible = 0;
			defaultConfigurationName = Release;
		};
		8B0836D91C97803300D36740 /* Build configuration list for PBXNativeTarget "Pokedex" */ = {
			isa = XCConfigurationList;
			buildConfigurations = (
				8B0836DA1C97803300D36740 /* Debug */,
				8B0836DB1C97803300D36740 /* Release */,
			);
			defaultConfigurationIsVisible = 0;
		};
/* End XCConfigurationList section */
	};
	rootObject = 8B0836BF1C97803300D36740 /* Project object */;
}
